
Microsoft Visual Studio Solution File, Format Version 12.00
# Visual Studio Version 16
VisualStudioVersion = 16.0.32106.194
MinimumVisualStudioVersion = 10.0.40219.1
Project("{FAE04EC0-301F-11D3-BF4B-00C04F79EFBC}") = "ProyectoConsultorio", "ProyectoConsultorio\ProyectoConsultorio.csproj", "{9054CC3A-9D0E-406A-BDB3-507AD5B46B10}"
EndProject
Global
	GlobalSection(SolutionConfigurationPlatforms) = preSolution
		Debug|Any CPU = Debug|Any CPU
		Release|Any CPU = Release|Any CPU
	EndGlobalSection
	GlobalSection(ProjectConfigurationPlatforms) = postSolution
		{9054CC3A-9D0E-406A-BDB3-507AD5B46B10}.Debug|Any CPU.ActiveCfg = Debug|Any CPU
		{9054CC3A-9D0E-406A-BDB3-507AD5B46B10}.Debug|Any CPU.Build.0 = Debug|Any CPU
		{9054CC3A-9D0E-406A-BDB3-507AD5B46B10}.Release|Any CPU.ActiveCfg = Release|Any CPU
		{9054CC3A-9D0E-406A-BDB3-507AD5B46B10}.Release|Any CPU.Build.0 = Release|Any CPU
	EndGlobalSection
	GlobalSection(SolutionProperties) = preSolution
		HideSolutionNode = FALSE
	EndGlobalSection
	GlobalSection(ExtensibilityGlobals) = postSolution
		SolutionGuid = {05CABE98-B381-4B90-9627-213908ECF8FB}
	EndGlobalSection
EndGlobal
